
Microsoft Visual Studio Solution File, Format Version 12.00
# Visual Studio 15
VisualStudioVersion = 15.0.28307.779
MinimumVisualStudioVersion = 10.0.40219.1
Project("{FAE04EC0-301F-11D3-BF4B-00C04F79EFBC}") = "BomberMan", "BomberMan\BomberMan.csproj", "{C7880119-1A69-41CC-A99C-09726A7EC4BB}"
EndProject
Global
	GlobalSection(SolutionConfigurationPlatforms) = preSolution
		Debug|Any CPU = Debug|Any CPU
		Release|Any CPU = Release|Any CPU
	EndGlobalSection
	GlobalSection(ProjectConfigurationPlatforms) = postSolution
		{C7880119-1A69-41CC-A99C-09726A7EC4BB}.Debug|Any CPU.ActiveCfg = Debug|Any CPU
		{C7880119-1A69-41CC-A99C-09726A7EC4BB}.Debug|Any CPU.Build.0 = Debug|Any CPU
		{C7880119-1A69-41CC-A99C-09726A7EC4BB}.Release|Any CPU.ActiveCfg = Release|Any CPU
		{C7880119-1A69-41CC-A99C-09726A7EC4BB}.Release|Any CPU.Build.0 = Release|Any CPU
	EndGlobalSection
	GlobalSection(SolutionProperties) = preSolution
		HideSolutionNode = FALSE
	EndGlobalSection
	GlobalSection(ExtensibilityGlobals) = postSolution
		SolutionGuid = {67FECE47-74BE-43FB-90AF-61DF04FDAF54}
	EndGlobalSection
EndGlobal
